
Microsoft Visual Studio Solution File, Format Version 12.00
# Visual Studio Version 16
VisualStudioVersion = 16.0.32901.82
MinimumVisualStudioVersion = 10.0.40219.1
Project("{FAE04EC0-301F-11D3-BF4B-00C04F79EFBC}") = "MVCDapperKutuphane", "MVCDapperKutuphane\MVCDapperKutuphane.csproj", "{91A914E8-5BD9-4189-B6E4-97FA292A24BE}"
EndProject
Global
	GlobalSection(SolutionConfigurationPlatforms) = preSolution
		Debug|Any CPU = Debug|Any CPU
		Release|Any CPU = Release|Any CPU
	EndGlobalSection
	GlobalSection(ProjectConfigurationPlatforms) = postSolution
		{91A914E8-5BD9-4189-B6E4-97FA292A24BE}.Debug|Any CPU.ActiveCfg = Debug|Any CPU
		{91A914E8-5BD9-4189-B6E4-97FA292A24BE}.Debug|Any CPU.Build.0 = Debug|Any CPU
		{91A914E8-5BD9-4189-B6E4-97FA292A24BE}.Release|Any CPU.ActiveCfg = Release|Any CPU
		{91A914E8-5BD9-4189-B6E4-97FA292A24BE}.Release|Any CPU.Build.0 = Release|Any CPU
	EndGlobalSection
	GlobalSection(SolutionProperties) = preSolution
		HideSolutionNode = FALSE
	EndGlobalSection
	GlobalSection(ExtensibilityGlobals) = postSolution
		SolutionGuid = {0D32788C-C660-4DB3-8A83-1C750F02E720}
	EndGlobalSection
EndGlobal
